
Microsoft Visual Studio Solution File, Format Version 12.00
# Visual Studio Version 17
VisualStudioVersion = 17.0.32112.339
MinimumVisualStudioVersion = 10.0.40219.1
Project("{9A19103F-16F7-4668-BE54-9A1E7A4F7556}") = "TestTask.Data", "TestTask.Data\TestTask.Data.csproj", "{74A6E0BA-C0F3-4B8E-AFB8-B3C7A2C54519}"
EndProject
Project("{9A19103F-16F7-4668-BE54-9A1E7A4F7556}") = "TestTask.Business", "TestTask.Business\TestTask.Business.csproj", "{924F5EE2-9A54-4B82-904D-0B88B7563E16}"
EndProject
Project("{FAE04EC0-301F-11D3-BF4B-00C04F79EFBC}") = "TestTask.WPF", "TestTask.WPF\TestTask.WPF.csproj", "{1B631439-0CDD-4B56-AC0C-D4A928AAC55C}"
EndProject
Global
	GlobalSection(SolutionConfigurationPlatforms) = preSolution
		Debug|Any CPU = Debug|Any CPU
		Release|Any CPU = Release|Any CPU
	EndGlobalSection
	GlobalSection(ProjectConfigurationPlatforms) = postSolution
		{74A6E0BA-C0F3-4B8E-AFB8-B3C7A2C54519}.Debug|Any CPU.ActiveCfg = Debug|Any CPU
		{74A6E0BA-C0F3-4B8E-AFB8-B3C7A2C54519}.Debug|Any CPU.Build.0 = Debug|Any CPU
		{74A6E0BA-C0F3-4B8E-AFB8-B3C7A2C54519}.Release|Any CPU.ActiveCfg = Release|Any CPU
		{74A6E0BA-C0F3-4B8E-AFB8-B3C7A2C54519}.Release|Any CPU.Build.0 = Release|Any CPU
		{924F5EE2-9A54-4B82-904D-0B88B7563E16}.Debug|Any CPU.ActiveCfg = Debug|Any CPU
		{924F5EE2-9A54-4B82-904D-0B88B7563E16}.Debug|Any CPU.Build.0 = Debug|Any CPU
		{924F5EE2-9A54-4B82-904D-0B88B7563E16}.Release|Any CPU.ActiveCfg = Release|Any CPU
		{924F5EE2-9A54-4B82-904D-0B88B7563E16}.Release|Any CPU.Build.0 = Release|Any CPU
		{1B631439-0CDD-4B56-AC0C-D4A928AAC55C}.Debug|Any CPU.ActiveCfg = Debug|Any CPU
		{1B631439-0CDD-4B56-AC0C-D4A928AAC55C}.Debug|Any CPU.Build.0 = Debug|Any CPU
		{1B631439-0CDD-4B56-AC0C-D4A928AAC55C}.Release|Any CPU.ActiveCfg = Release|Any CPU
		{1B631439-0CDD-4B56-AC0C-D4A928AAC55C}.Release|Any CPU.Build.0 = Release|Any CPU
	EndGlobalSection
	GlobalSection(SolutionProperties) = preSolution
		HideSolutionNode = FALSE
	EndGlobalSection
	GlobalSection(ExtensibilityGlobals) = postSolution
		SolutionGuid = {FED1C23D-976A-4C3E-B488-2E7BCC3D726C}
	EndGlobalSection
EndGlobal
